{"1.2.0",
[{<<"certifi">>,{pkg,<<"certifi">>,<<"2.12.0">>},1},
 {<<"cowboy">>,{pkg,<<"cowboy">>,<<"1.0.4">>},0},
 {<<"cowlib">>,{pkg,<<"cowlib">>,<<"1.0.2">>},1},
 {<<"hackney">>,
  {git,"https://github.com/benoitc/hackney.git",
       {ref,"f190daf67cfefc4f1950011759624f8f87260597"}},
  0},
 {<<"idna">>,{pkg,<<"idna">>,<<"6.1.1">>},1},
 {<<"lfe">>,{pkg,<<"lfe">>,<<"2.1.2">>},0},
 {<<"meck">>,{pkg,<<"meck">>,<<"0.9.2">>},0},
 {<<"metrics">>,{pkg,<<"metrics">>,<<"1.0.1">>},1},
 {<<"mimerl">>,{pkg,<<"mimerl">>,<<"1.2.0">>},1},
 {<<"parse_trans">>,{pkg,<<"parse_trans">>,<<"3.4.1">>},1},
 {<<"ranch">>,{pkg,<<"ranch">>,<<"1.7.1">>},1},
 {<<"ssl_verify_fun">>,{pkg,<<"ssl_verify_fun">>,<<"1.1.7">>},1},
 {<<"unicode_util_compat">>,{pkg,<<"unicode_util_compat">>,<<"0.7.0">>},1}]}.
[
{pkg_hash,[
 {<<"certifi">>, <<"2D1CCA2EC95F59643862AF91F001478C9863C2AC9CB6E2F89780BFD8DE987329">>},
 {<<"cowboy">>, <<"A324A8DF9F2316C833A470D918AAF73AE894278B8AA6226CE7A9BF699388F878">>},
 {<<"cowlib">>, <<"9D769A1D062C9C3AC753096F868CA121E2730B9A377DE23DEC0F7E08B1DF84EE">>},
 {<<"idna">>, <<"8A63070E9F7D0C62EB9D9FCB360A7DE382448200FBBD1B106CC96D3D8099DF8D">>},
 {<<"lfe">>, <<"9A14B5056761C63EEA5A3040E0FD1A326276CFE40F3B952E7305FED45341BF6F">>},
 {<<"meck">>, <<"85CCBAB053F1DB86C7CA240E9FC718170EE5BDA03810A6292B5306BF31BAE5F5">>},
 {<<"metrics">>, <<"25F094DEA2CDA98213CECC3AEFF09E940299D950904393B2A29D191C346A8486">>},
 {<<"mimerl">>, <<"67E2D3F571088D5CFD3E550C383094B47159F3EEE8FFA08E64106CDF5E981BE3">>},
 {<<"parse_trans">>, <<"6E6AA8167CB44CC8F39441D05193BE6E6F4E7C2946CB2759F015F8C56B76E5FF">>},
 {<<"ranch">>, <<"6B1FAB51B49196860B733A49C07604465A47BDB78AA10C1C16A3D199F7F8C881">>},
 {<<"ssl_verify_fun">>, <<"354C321CF377240C7B8716899E182CE4890C5938111A1296ADD3EC74CF1715DF">>},
 {<<"unicode_util_compat">>, <<"BC84380C9AB48177092F43AC89E4DFA2C6D62B40B8BD132B1059ECC7232F9A78">>}]},
{pkg_hash_ext,[
 {<<"certifi">>, <<"EE68D85DF22E554040CDB4BE100F33873AC6051387BAF6A8F6CE82272340FF1C">>},
 {<<"cowboy">>, <<"6A0EDEE96885FAE3A8DD0AC1F333538A42E807DB638A9453064CCFDAA6B9FDAC">>},
 {<<"cowlib">>, <<"DB622DA03AA039E6366AB953E31186CC8190D32905E33788A1ACB22744E6ABD2">>},
 {<<"idna">>, <<"92376EB7894412ED19AC475E4A86F7B413C1B9FBB5BD16DCCD57934157944CEA">>},
 {<<"lfe">>, <<"E717466A203711FDF47A2E2144990EDB52B207D40F6D6168BADD05F76EEC04AD">>},
 {<<"meck">>, <<"81344F561357DC40A8344AFA53767C32669153355B626EA9FCBC8DA6B3045826">>},
 {<<"metrics">>, <<"69B09ADDDC4F74A40716AE54D140F93BEB0FB8978D8636EADED0C31B6F099F16">>},
 {<<"mimerl">>, <<"F278585650AA581986264638EBF698F8BB19DF297F66AD91B18910DFC6E19323">>},
 {<<"parse_trans">>, <<"620A406CE75DADA827B82E453C19CF06776BE266F5A67CFF34E1EF2CBB60E49A">>},
 {<<"ranch">>, <<"451D8527787DF716D99DC36162FCA05934915DB0B6141BBDAC2EA8D3C7AFC7D7">>},
 {<<"ssl_verify_fun">>, <<"FE4C190E8F37401D30167C8C405EDA19469F34577987C76DDE613E838BBC67F8">>},
 {<<"unicode_util_compat">>, <<"25EEE6D67DF61960CF6A794239566599B09E17E668D3700247BC498638152521">>}]}
].
